
Microsoft Visual Studio Solution File, Format Version 12.00
# Visual Studio Version 16
VisualStudioVersion = 16.0.31321.278
MinimumVisualStudioVersion = 10.0.40219.1
Project("{9A19103F-16F7-4668-BE54-9A1E7A4F7556}") = "Apriori.App", "Apriori\Apriori.App.csproj", "{09169915-F809-4B44-ABDA-E1A058962728}"
EndProject
Project("{9A19103F-16F7-4668-BE54-9A1E7A4F7556}") = "Apriori.Core.Tests", "AprioriTest\Apriori.Core.Tests.csproj", "{D2F7FF95-B60F-49A8-8100-3582E1F4301B}"
EndProject
Project("{FAE04EC0-301F-11D3-BF4B-00C04F79EFBC}") = "Apriori.Core", "Apriori.Core\Apriori.Core.csproj", "{7EEDD769-60F4-40B3-B3EE-9F7CB9DDA9BB}"
EndProject
Project("{FAE04EC0-301F-11D3-BF4B-00C04F79EFBC}") = "Apriori.Core.Parser", "Apriori.Core.Parser\Apriori.Core.Parser.csproj", "{6ADA8D86-2025-4744-B7EE-3DA818395368}"
EndProject
Project("{FAE04EC0-301F-11D3-BF4B-00C04F79EFBC}") = "Apriori.Core.Model", "Apriori.Model\Apriori.Core.Model.csproj", "{017024D9-DF4F-4BC6-BA8C-4AF24DEFEBB8}"
EndProject
Global
	GlobalSection(SolutionConfigurationPlatforms) = preSolution
		Debug|Any CPU = Debug|Any CPU
		Release|Any CPU = Release|Any CPU
	EndGlobalSection
	GlobalSection(ProjectConfigurationPlatforms) = postSolution
		{09169915-F809-4B44-ABDA-E1A058962728}.Debug|Any CPU.ActiveCfg = Debug|Any CPU
		{09169915-F809-4B44-ABDA-E1A058962728}.Debug|Any CPU.Build.0 = Debug|Any CPU
		{09169915-F809-4B44-ABDA-E1A058962728}.Release|Any CPU.ActiveCfg = Release|Any CPU
		{09169915-F809-4B44-ABDA-E1A058962728}.Release|Any CPU.Build.0 = Release|Any CPU
		{D2F7FF95-B60F-49A8-8100-3582E1F4301B}.Debug|Any CPU.ActiveCfg = Debug|Any CPU
		{D2F7FF95-B60F-49A8-8100-3582E1F4301B}.Debug|Any CPU.Build.0 = Debug|Any CPU
		{D2F7FF95-B60F-49A8-8100-3582E1F4301B}.Release|Any CPU.ActiveCfg = Release|Any CPU
		{D2F7FF95-B60F-49A8-8100-3582E1F4301B}.Release|Any CPU.Build.0 = Release|Any CPU
		{7EEDD769-60F4-40B3-B3EE-9F7CB9DDA9BB}.Debug|Any CPU.ActiveCfg = Debug|Any CPU
		{7EEDD769-60F4-40B3-B3EE-9F7CB9DDA9BB}.Debug|Any CPU.Build.0 = Debug|Any CPU
		{7EEDD769-60F4-40B3-B3EE-9F7CB9DDA9BB}.Release|Any CPU.ActiveCfg = Release|Any CPU
		{7EEDD769-60F4-40B3-B3EE-9F7CB9DDA9BB}.Release|Any CPU.Build.0 = Release|Any CPU
		{6ADA8D86-2025-4744-B7EE-3DA818395368}.Debug|Any CPU.ActiveCfg = Debug|Any CPU
		{6ADA8D86-2025-4744-B7EE-3DA818395368}.Debug|Any CPU.Build.0 = Debug|Any CPU
		{6ADA8D86-2025-4744-B7EE-3DA818395368}.Release|Any CPU.ActiveCfg = Release|Any CPU
		{6ADA8D86-2025-4744-B7EE-3DA818395368}.Release|Any CPU.Build.0 = Release|Any CPU
		{017024D9-DF4F-4BC6-BA8C-4AF24DEFEBB8}.Debug|Any CPU.ActiveCfg = Debug|Any CPU
		{017024D9-DF4F-4BC6-BA8C-4AF24DEFEBB8}.Debug|Any CPU.Build.0 = Debug|Any CPU
		{017024D9-DF4F-4BC6-BA8C-4AF24DEFEBB8}.Release|Any CPU.ActiveCfg = Release|Any CPU
		{017024D9-DF4F-4BC6-BA8C-4AF24DEFEBB8}.Release|Any CPU.Build.0 = Release|Any CPU
	EndGlobalSection
	GlobalSection(SolutionProperties) = preSolution
		HideSolutionNode = FALSE
	EndGlobalSection
	GlobalSection(ExtensibilityGlobals) = postSolution
		SolutionGuid = {AC57A975-4557-4BEB-B445-E93D2AAAD494}
	EndGlobalSection
EndGlobal
